
Microsoft Visual Studio Solution File, Format Version 12.00
# Visual Studio Version 16
VisualStudioVersion = 16.0.29001.49
MinimumVisualStudioVersion = 10.0.40219.1
Project("{FAE04EC0-301F-11D3-BF4B-00C04F79EFBC}") = "Baseball", "Baseball\Baseball.csproj", "{7D969055-33C8-4E36-BCB4-BADA20FBC219}"
EndProject
Global
	GlobalSection(SolutionConfigurationPlatforms) = preSolution
		Debug|Any CPU = Debug|Any CPU
		Release|Any CPU = Release|Any CPU
	EndGlobalSection
	GlobalSection(ProjectConfigurationPlatforms) = postSolution
		{7D969055-33C8-4E36-BCB4-BADA20FBC219}.Debug|Any CPU.ActiveCfg = Debug|Any CPU
		{7D969055-33C8-4E36-BCB4-BADA20FBC219}.Debug|Any CPU.Build.0 = Debug|Any CPU
		{7D969055-33C8-4E36-BCB4-BADA20FBC219}.Release|Any CPU.ActiveCfg = Release|Any CPU
		{7D969055-33C8-4E36-BCB4-BADA20FBC219}.Release|Any CPU.Build.0 = Release|Any CPU
	EndGlobalSection
	GlobalSection(SolutionProperties) = preSolution
		HideSolutionNode = FALSE
	EndGlobalSection
	GlobalSection(ExtensibilityGlobals) = postSolution
		SolutionGuid = {3BF31A0B-EDD0-42F1-AB33-3B390DCD1C8F}
	EndGlobalSection
EndGlobal
